// !$*UTF8*$!
{
	archiveVersion = 1;
	classes = {
	};
	objectVersion = 46;
	objects = {

/* Begin PBXBuildFile section */
		2C60F8B21E2D7B25005BACBF /* AppDelegate.swift in Sources */ = {isa = PBXBuildFile; fileRef = 2C60F8B11E2D7B25005BACBF /* AppDelegate.swift */; };
		2C60F8B41E2D7B25005BACBF /* ViewController.swift in Sources */ = {isa = PBXBuildFile; fileRef = 2C60F8B31E2D7B25005BACBF /* ViewController.swift */; };
		2C60F8B71E2D7B25005BACBF /* Main.storyboard in Resources */ = {isa = PBXBuildFile; fileRef = 2C60F8B51E2D7B25005BACBF /* Main.storyboard */; };
		2C60F8B91E2D7B25005BACBF /* Assets.xcassets in Resources */ = {isa = PBXBuildFile; fileRef = 2C60F8B81E2D7B25005BACBF /* Assets.xcassets */; };
		2C60F8BC1E2D7B25005BACBF /* LaunchScreen.storyboard in Resources */ = {isa = PBXBuildFile; fileRef = 2C60F8BA1E2D7B25005BACBF /* LaunchScreen.storyboard */; };
		2C60F8C71E2D7B26005BACBF /* OfflineSpineTestTests.swift in Sources */ = {isa = PBXBuildFile; fileRef = 2C60F8C61E2D7B26005BACBF /* OfflineSpineTestTests.swift */; };
		2C60F8D21E2D7B26005BACBF /* OfflineSpineTestUITests.swift in Sources */ = {isa = PBXBuildFile; fileRef = 2C60F8D11E2D7B26005BACBF /* OfflineSpineTestUITests.swift */; };
/* End PBXBuildFile section */

/* Begin PBXContainerItemProxy section */
		2C60F8C31E2D7B26005BACBF /* PBXContainerItemProxy */ = {
			isa = PBXContainerItemProxy;
			containerPortal = 2C60F8A61E2D7B25005BACBF /* Project object */;
			proxyType = 1;
			remoteGlobalIDString = 2C60F8AD1E2D7B25005BACBF;
			remoteInfo = OfflineSpineTest;
		};
		2C60F8CE1E2D7B26005BACBF /* PBXContainerItemProxy */ = {
			isa = PBXContainerItemProxy;
			containerPortal = 2C60F8A61E2D7B25005BACBF /* Project object */;
			proxyType = 1;
			remoteGlobalIDString = 2C60F8AD1E2D7B25005BACBF;
			remoteInfo = OfflineSpineTest;
		};
/* End PBXContainerItemProxy section */

/* Begin PBXFileReference section */
		2C60F8AE1E2D7B25005BACBF /* OfflineSpineTest.app */ = {isa = PBXFileReference; explicitFileType = wrapper.application; includeInIndex = 0; path = OfflineSpineTest.app; sourceTree = BUILT_PRODUCTS_DIR; };
		2C60F8B11E2D7B25005BACBF /* AppDelegate.swift */ = {isa = PBXFileReference; lastKnownFileType = sourcecode.swift; path = AppDelegate.swift; sourceTree = "<group>"; };
		2C60F8B31E2D7B25005BACBF /* ViewController.swift */ = {isa = PBXFileReference; lastKnownFileType = sourcecode.swift; path = ViewController.swift; sourceTree = "<group>"; };
		2C60F8B61E2D7B25005BACBF /* Base */ = {isa = PBXFileReference; lastKnownFileType = file.storyboard; name = Base; path = Base.lproj/Main.storyboard; sourceTree = "<group>"; };
		2C60F8B81E2D7B25005BACBF /* Assets.xcassets */ = {isa = PBXFileReference; lastKnownFileType = folder.assetcatalog; path = Assets.xcassets; sourceTree = "<group>"; };
		2C60F8BB1E2D7B25005BACBF /* Base */ = {isa = PBXFileReference; lastKnownFileType = file.storyboard; name = Base; path = Base.lproj/LaunchScreen.storyboard; sourceTree = "<group>"; };
		2C60F8BD1E2D7B25005BACBF /* Info.plist */ = {isa = PBXFileReference; lastKnownFileType = text.plist.xml; path = Info.plist; sourceTree = "<group>"; };
		2C60F8C21E2D7B26005BACBF /* OfflineSpineTestTests.xctest */ = {isa = PBXFileReference; explicitFileType = wrapper.cfbundle; includeInIndex = 0; path = OfflineSpineTestTests.xctest; sourceTree = BUILT_PRODUCTS_DIR; };
		2C60F8C61E2D7B26005BACBF /* OfflineSpineTestTests.swift */ = {isa = PBXFileReference; lastKnownFileType = sourcecode.swift; path = OfflineSpineTestTests.swift; sourceTree = "<group>"; };
		2C60F8C81E2D7B26005BACBF /* Info.plist */ = {isa = PBXFileReference; lastKnownFileType = text.plist.xml; path = Info.plist; sourceTree = "<group>"; };
		2C60F8CD1E2D7B26005BACBF /* OfflineSpineTestUITests.xctest */ = {isa = PBXFileReference; explicitFileType = wrapper.cfbundle; includeInIndex = 0; path = OfflineSpineTestUITests.xctest; sourceTree = BUILT_PRODUCTS_DIR; };
		2C60F8D11E2D7B26005BACBF /* OfflineSpineTestUITests.swift */ = {isa = PBXFileReference; lastKnownFileType = sourcecode.swift; path = OfflineSpineTestUITests.swift; sourceTree = "<group>"; };
		2C60F8D31E2D7B26005BACBF /* Info.plist */ = {isa = PBXFileReference; lastKnownFileType = text.plist.xml; path = Info.plist; sourceTree = "<group>"; };
/* End PBXFileReference section */

/* Begin PBXFrameworksBuildPhase section */
		2C60F8AB1E2D7B25005BACBF /* Frameworks */ = {
			isa = PBXFrameworksBuildPhase;
			buildActionMask = 2147483647;
			files = (
			);
			runOnlyForDeploymentPostprocessing = 0;
		};
		2C60F8BF1E2D7B26005BACBF /* Frameworks */ = {
			isa = PBXFrameworksBuildPhase;
			buildActionMask = 2147483647;
			files = (
			);
			runOnlyForDeploymentPostprocessing = 0;
		};
		2C60F8CA1E2D7B26005BACBF /* Frameworks */ = {
			isa = PBXFrameworksBuildPhase;
			buildActionMask = 2147483647;
			files = (
			);
			runOnlyForDeploymentPostprocessing = 0;
		};
/* End PBXFrameworksBuildPhase section */

/* Begin PBXGroup section */
		2C60F8A51E2D7B25005BACBF = {
			isa = PBXGroup;
			children = (
				2C60F8B01E2D7B25005BACBF /* OfflineSpineTest */,
				2C60F8C51E2D7B26005BACBF /* OfflineSpineTestTests */,
				2C60F8D01E2D7B26005BACBF /* OfflineSpineTestUITests */,
				2C60F8AF1E2D7B25005BACBF /* Products */,
			);
			sourceTree = "<group>";
		};
		2C60F8AF1E2D7B25005BACBF /* Products */ = {
			isa = PBXGroup;
			children = (
				2C60F8AE1E2D7B25005BACBF /* OfflineSpineTest.app */,
				2C60F8C21E2D7B26005BACBF /* OfflineSpineTestTests.xctest */,
				2C60F8CD1E2D7B26005BACBF /* OfflineSpineTestUITests.xctest */,
			);
			name = Products;
			sourceTree = "<group>";
		};
		2C60F8B01E2D7B25005BACBF /* OfflineSpineTest */ = {
			isa = PBXGroup;
			children = (
				2C60F8B11E2D7B25005BACBF /* AppDelegate.swift */,
				2C60F8B31E2D7B25005BACBF /* ViewController.swift */,
				2C60F8B51E2D7B25005BACBF /* Main.storyboard */,
				2C60F8B81E2D7B25005BACBF /* Assets.xcassets */,
				2C60F8BA1E2D7B25005BACBF /* LaunchScreen.storyboard */,
				2C60F8BD1E2D7B25005BACBF /* Info.plist */,
			);
			path = OfflineSpineTest;
			sourceTree = "<group>";
		};
		2C60F8C51E2D7B26005BACBF /* OfflineSpineTestTests */ = {
			isa = PBXGroup;
			children = (
				2C60F8C61E2D7B26005BACBF /* OfflineSpineTestTests.swift */,
				2C60F8C81E2D7B26005BACBF /* Info.plist */,
			);
			path = OfflineSpineTestTests;
			sourceTree = "<group>";
		};
		2C60F8D01E2D7B26005BACBF /* OfflineSpineTestUITests */ = {
			isa = PBXGroup;
			children = (
				2C60F8D11E2D7B26005BACBF /* OfflineSpineTestUITests.swift */,
				2C60F8D31E2D7B26005BACBF /* Info.plist */,
			);
			path = OfflineSpineTestUITests;
			sourceTree = "<group>";
		};
/* End PBXGroup section */

/* Begin PBXNativeTarget section */
		2C60F8AD1E2D7B25005BACBF /* OfflineSpineTest */ = {
			isa = PBXNativeTarget;
			buildConfigurationList = 2C60F8D61E2D7B26005BACBF /* Build configuration list for PBXNativeTarget "OfflineSpineTest" */;
			buildPhases = (
				2C60F8AA1E2D7B25005BACBF /* Sources */,
				2C60F8AB1E2D7B25005BACBF /* Frameworks */,
				2C60F8AC1E2D7B25005BACBF /* Resources */,
			);
			buildRules = (
			);
			dependencies = (
			);
			name = OfflineSpineTest;
			productName = OfflineSpineTest;
			productReference = 2C60F8AE1E2D7B25005BACBF /* OfflineSpineTest.app */;
			productType = "com.apple.product-type.application";
		};
		2C60F8C11E2D7B26005BACBF /* OfflineSpineTestTests */ = {
			isa = PBXNativeTarget;
			buildConfigurationList = 2C60F8D91E2D7B26005BACBF /* Build configuration list for PBXNativeTarget "OfflineSpineTestTests" */;
			buildPhases = (
				2C60F8BE1E2D7B26005BACBF /* Sources */,
				2C60F8BF1E2D7B26005BACBF /* Frameworks */,
				2C60F8C01E2D7B26005BACBF /* Resources */,
			);
			buildRules = (
			);
			dependencies = (
				2C60F8C41E2D7B26005BACBF /* PBXTargetDependency */,
			);
			name = OfflineSpineTestTests;
			productName = OfflineSpineTestTests;
			productReference = 2C60F8C21E2D7B26005BACBF /* OfflineSpineTestTests.xctest */;
			productType = "com.apple.product-type.bundle.unit-test";
		};
		2C60F8CC1E2D7B26005BACBF /* OfflineSpineTestUITests */ = {
			isa = PBXNativeTarget;
			buildConfigurationList = 2C60F8DC1E2D7B26005BACBF /* Build configuration list for PBXNativeTarget "OfflineSpineTestUITests" */;
			buildPhases = (
				2C60F8C91E2D7B26005BACBF /* Sources */,
				2C60F8CA1E2D7B26005BACBF /* Frameworks */,
				2C60F8CB1E2D7B26005BACBF /* Resources */,
			);
			buildRules = (
			);
			dependencies = (
				2C60F8CF1E2D7B26005BACBF /* PBXTargetDependency */,
			);
			name = OfflineSpineTestUITests;
			productName = OfflineSpineTestUITests;
			productReference = 2C60F8CD1E2D7B26005BACBF /* OfflineSpineTestUITests.xctest */;
			productType = "com.apple.product-type.bundle.ui-testing";
		};
/* End PBXNativeTarget section */

/* Begin PBXProject section */
		2C60F8A61E2D7B25005BACBF /* Project object */ = {
			isa = PBXProject;
			attributes = {
				LastSwiftUpdateCheck = 0820;
				LastUpgradeCheck = 0820;
				ORGANIZATIONNAME = hartwell;
				TargetAttributes = {
					2C60F8AD1E2D7B25005BACBF = {
						CreatedOnToolsVersion = 8.2.1;
						DevelopmentTeam = NFYQ3P3JKX;
						ProvisioningStyle = Automatic;
					};
					2C60F8C11E2D7B26005BACBF = {
						CreatedOnToolsVersion = 8.2.1;
						DevelopmentTeam = NFYQ3P3JKX;
						ProvisioningStyle = Automatic;
						TestTargetID = 2C60F8AD1E2D7B25005BACBF;
					};
					2C60F8CC1E2D7B26005BACBF = {
						CreatedOnToolsVersion = 8.2.1;
						DevelopmentTeam = NFYQ3P3JKX;
						ProvisioningStyle = Automatic;
						TestTargetID = 2C60F8AD1E2D7B25005BACBF;
					};
				};
			};
			buildConfigurationList = 2C60F8A91E2D7B25005BACBF /* Build configuration list for PBXProject "OfflineSpineTest" */;
			compatibilityVersion = "Xcode 3.2";
			developmentRegion = English;
			hasScannedForEncodings = 0;
			knownRegions = (
				en,
				Base,
			);
			mainGroup = 2C60F8A51E2D7B25005BACBF;
			productRefGroup = 2C60F8AF1E2D7B25005BACBF /* Products */;
			projectDirPath = "";
			projectRoot = "";
			targets = (
				2C60F8AD1E2D7B25005BACBF /* OfflineSpineTest */,
				2C60F8C11E2D7B26005BACBF /* OfflineSpineTestTests */,
				2C60F8CC1E2D7B26005BACBF /* OfflineSpineTestUITests */,
			);
		};
/* End PBXProject section */

/* Begin PBXResourcesBuildPhase section */
		2C60F8AC1E2D7B25005BACBF /* Resources */ = {
			isa = PBXResourcesBuildPhase;
			buildActionMask = 2147483647;
			files = (
				2C60F8BC1E2D7B25005BACBF /* LaunchScreen.storyboard in Resources */,
				2C60F8B91E2D7B25005BACBF /* Assets.xcassets in Resources */,
				2C60F8B71E2D7B25005BACBF /* Main.storyboard in Resources */,
			);
			runOnlyForDeploymentPostprocessing = 0;
		};
		2C60F8C01E2D7B26005BACBF /* Resources */ = {
			isa = PBXResourcesBuildPhase;
			buildActionMask = 2147483647;
			files = (
			);
			runOnlyForDeploymentPostprocessing = 0;
		};
		2C60F8CB1E2D7B26005BACBF /* Resources */ = {
			isa = PBXResourcesBuildPhase;
			buildActionMask = 2147483647;
			files = (
			);
			runOnlyForDeploymentPostprocessing = 0;
		};
/* End PBXResourcesBuildPhase section */

/* Begin PBXSourcesBuildPhase section */
		2C60F8AA1E2D7B25005BACBF /* Sources */ = {
			isa = PBXSourcesBuildPhase;
			buildActionMask = 2147483647;
			files = (
				2C60F8B41E2D7B25005BACBF /* ViewController.swift in Sources */,
				2C60F8B21E2D7B25005BACBF /* AppDelegate.swift in Sources */,
			);
			runOnlyForDeploymentPostprocessing = 0;
		};
		2C60F8BE1E2D7B26005BACBF /* Sources */ = {
			isa = PBXSourcesBuildPhase;
			buildActionMask = 2147483647;
			files = (
				2C60F8C71E2D7B26005BACBF /* OfflineSpineTestTests.swift in Sources */,
			);
			runOnlyForDeploymentPostprocessing = 0;
		};
		2C60F8C91E2D7B26005BACBF /* Sources */ = {
			isa = PBXSourcesBuildPhase;
			buildActionMask = 2147483647;
			files = (
				2C60F8D21E2D7B26005BACBF /* OfflineSpineTestUITests.swift in Sources */,
			);
			runOnlyForDeploymentPostprocessing = 0;
		};
/* End PBXSourcesBuildPhase section */

/* Begin PBXTargetDependency section */
		2C60F8C41E2D7B26005BACBF /* PBXTargetDependency */ = {
			isa = PBXTargetDependency;
			target = 2C60F8AD1E2D7B25005BACBF /* OfflineSpineTest */;
			targetProxy = 2C60F8C31E2D7B26005BACBF /* PBXContainerItemProxy */;
		};
		2C60F8CF1E2D7B26005BACBF /* PBXTargetDependency */ = {
			isa = PBXTargetDependency;
			target = 2C60F8AD1E2D7B25005BACBF /* OfflineSpineTest */;
			targetProxy = 2C60F8CE1E2D7B26005BACBF /* PBXContainerItemProxy */;
		};
/* End PBXTargetDependency section */

/* Begin PBXVariantGroup section */
		2C60F8B51E2D7B25005BACBF /* Main.storyboard */ = {
			isa = PBXVariantGroup;
			children = (
				2C60F8B61E2D7B25005BACBF /* Base */,
			);
			name = Main.storyboard;
			sourceTree = "<group>";
		};
		2C60F8BA1E2D7B25005BACBF /* LaunchScreen.storyboard */ = {
			isa = PBXVariantGroup;
			children = (
				2C60F8BB1E2D7B25005BACBF /* Base */,
			);
			name = LaunchScreen.storyboard;
			sourceTree = "<group>";
		};
/* End PBXVariantGroup section */

/* Begin XCBuildConfiguration section */
		2C60F8D41E2D7B26005BACBF /* Debug */ = {
			isa = XCBuildConfiguration;
			buildSettings = {
				ALWAYS_SEARCH_USER_PATHS = NO;
				CLANG_ANALYZER_NONNULL = YES;
				CLANG_CXX_LANGUAGE_STANDARD = "gnu++0x";
				CLANG_CXX_LIBRARY = "libc++";
				CLANG_ENABLE_MODULES = YES;
				CLANG_ENABLE_OBJC_ARC = YES;
				CLANG_WARN_BOOL_CONVERSION = YES;
				CLANG_WARN_CONSTANT_CONVERSION = YES;
				CLANG_WARN_DIRECT_OBJC_ISA_USAGE = YES_ERROR;
				CLANG_WARN_DOCUMENTATION_COMMENTS = YES;
				CLANG_WARN_EMPTY_BODY = YES;
				CLANG_WARN_ENUM_CONVERSION = YES;
				CLANG_WARN_INFINITE_RECURSION = YES;
				CLANG_WARN_INT_CONVERSION = YES;
				CLANG_WARN_OBJC_ROOT_CLASS = YES_ERROR;
				CLANG_WARN_SUSPICIOUS_MOVE = YES;
				CLANG_WARN_UNREACHABLE_CODE = YES;
				CLANG_WARN__DUPLICATE_METHOD_MATCH = YES;
				"CODE_SIGN_IDENTITY[sdk=iphoneos*]" = "iPhone Developer";
				COPY_PHASE_STRIP = NO;
				DEBUG_INFORMATION_FORMAT = dwarf;
				ENABLE_STRICT_OBJC_MSGSEND = YES;
				ENABLE_TESTABILITY = YES;
				GCC_C_LANGUAGE_STANDARD = gnu99;
				GCC_DYNAMIC_NO_PIC = NO;
				GCC_NO_COMMON_BLOCKS = YES;
				GCC_OPTIMIZATION_LEVEL = 0;
				GCC_PREPROCESSOR_DEFINITIONS = (
					"DEBUG=1",
					"$(inherited)",
				);
				GCC_WARN_64_TO_32_BIT_CONVERSION = YES;
				GCC_WARN_ABOUT_RETURN_TYPE = YES_ERROR;
				GCC_WARN_UNDECLARED_SELECTOR = YES;
				GCC_WARN_UNINITIALIZED_AUTOS = YES_AGGRESSIVE;
				GCC_WARN_UNUSED_FUNCTION = YES;
				GCC_WARN_UNUSED_VARIABLE = YES;
				IPHONEOS_DEPLOYMENT_TARGET = 10.2;
				MTL_ENABLE_DEBUG_INFO = YES;
				ONLY_ACTIVE_ARCH = YES;
				SDKROOT = iphoneos;
				SWIFT_ACTIVE_COMPILATION_CONDITIONS = DEBUG;
				SWIFT_OPTIMIZATION_LEVEL = "-Onone";
				TARGETED_DEVICE_FAMILY = "1,2";
			};
			name = Debug;
		};
		2C60F8D51E2D7B26005BACBF /* Release */ = {
			isa = XCBuildConfiguration;
			buildSettings = {
				ALWAYS_SEARCH_USER_PATHS = NO;
				CLANG_ANALYZER_NONNULL = YES;
				CLANG_CXX_LANGUAGE_STANDARD = "gnu++0x";
				CLANG_CXX_LIBRARY = "libc++";
				CLANG_ENABLE_MODULES = YES;
				CLANG_ENABLE_OBJC_ARC = YES;
				CLANG_WARN_BOOL_CONVERSION = YES;
				CLANG_WARN_CONSTANT_CONVERSION = YES;
				CLANG_WARN_DIRECT_OBJC_ISA_USAGE = YES_ERROR;
				CLANG_WARN_DOCUMENTATION_COMMENTS = YES;
				CLANG_WARN_EMPTY_BODY = YES;
				CLANG_WARN_ENUM_CONVERSION = YES;
				CLANG_WARN_INFINITE_RECURSION = YES;
				CLANG_WARN_INT_CONVERSION = YES;
				CLANG_WARN_OBJC_ROOT_CLASS = YES_ERROR;
				CLANG_WARN_SUSPICIOUS_MOVE = YES;
				CLANG_WARN_UNREACHABLE_CODE = YES;
				CLANG_WARN__DUPLICATE_METHOD_MATCH = YES;
				"CODE_SIGN_IDENTITY[sdk=iphoneos*]" = "iPhone Developer";
				COPY_PHASE_STRIP = NO;
				DEBUG_INFORMATION_FORMAT = "dwarf-with-dsym";
				ENABLE_NS_ASSERTIONS = NO;
				ENABLE_STRICT_OBJC_MSGSEND = YES;
				GCC_C_LANGUAGE_STANDARD = gnu99;
				GCC_NO_COMMON_BLOCKS = YES;
				GCC_WARN_64_TO_32_BIT_CONVERSION = YES;
				GCC_WARN_ABOUT_RETURN_TYPE = YES_ERROR;
				GCC_WARN_UNDECLARED_SELECTOR = YES;
				GCC_WARN_UNINITIALIZED_AUTOS = YES_AGGRESSIVE;
				GCC_WARN_UNUSED_FUNCTION = YES;
				GCC_WARN_UNUSED_VARIABLE = YES;
				IPHONEOS_DEPLOYMENT_TARGET = 10.2;
				MTL_ENABLE_DEBUG_INFO = NO;
				SDKROOT = iphoneos;
				SWIFT_OPTIMIZATION_LEVEL = "-Owholemodule";
				TARGETED_DEVICE_FAMILY = "1,2";
				VALIDATE_PRODUCT = YES;
			};
			name = Release;
		};
		2C60F8D71E2D7B26005BACBF /* Debug */ = {
			isa = XCBuildConfiguration;
			buildSettings = {
				ASSETCATALOG_COMPILER_APPICON_NAME = AppIcon;
				DEVELOPMENT_TEAM = NFYQ3P3JKX;
				INFOPLIST_FILE = OfflineSpineTest/Info.plist;
				LD_RUNPATH_SEARCH_PATHS = "$(inherited) @executable_path/Frameworks";
				PRODUCT_BUNDLE_IDENTIFIER = hartwell.OfflineSpineTest;
				PRODUCT_NAME = "$(TARGET_NAME)";
				SWIFT_VERSION = 3.0;
			};
			name = Debug;
		};
		2C60F8D81E2D7B26005BACBF /* Release */ = {
			isa = XCBuildConfiguration;
			buildSettings = {
				ASSETCATALOG_COMPILER_APPICON_NAME = AppIcon;
				DEVELOPMENT_TEAM = NFYQ3P3JKX;
				INFOPLIST_FILE = OfflineSpineTest/Info.plist;
				LD_RUNPATH_SEARCH_PATHS = "$(inherited) @executable_path/Frameworks";
				PRODUCT_BUNDLE_IDENTIFIER = hartwell.OfflineSpineTest;
				PRODUCT_NAME = "$(TARGET_NAME)";
				SWIFT_VERSION = 3.0;
			};
			name = Release;
		};
		2C60F8DA1E2D7B26005BACBF /* Debug */ = {
			isa = XCBuildConfiguration;
			buildSettings = {
				ALWAYS_EMBED_SWIFT_STANDARD_LIBRARIES = YES;
				BUNDLE_LOADER = "$(TEST_HOST)";
				DEVELOPMENT_TEAM = NFYQ3P3JKX;
				INFOPLIST_FILE = OfflineSpineTestTests/Info.plist;
				LD_RUNPATH_SEARCH_PATHS = "$(inherited) @executable_path/Frameworks @loader_path/Frameworks";
				PRODUCT_BUNDLE_IDENTIFIER = hartwell.OfflineSpineTestTests;
				PRODUCT_NAME = "$(TARGET_NAME)";
				SWIFT_VERSION = 3.0;
				TEST_HOST = "$(BUILT_PRODUCTS_DIR)/OfflineSpineTest.app/OfflineSpineTest";
			};
			name = Debug;
		};
		2C60F8DB1E2D7B26005BACBF /* Release */ = {
			isa = XCBuildConfiguration;
			buildSettings = {
				ALWAYS_EMBED_SWIFT_STANDARD_LIBRARIES = YES;
				BUNDLE_LOADER = "$(TEST_HOST)";
				DEVELOPMENT_TEAM = NFYQ3P3JKX;
				INFOPLIST_FILE = OfflineSpineTestTests/Info.plist;
				LD_RUNPATH_SEARCH_PATHS = "$(inherited) @executable_path/Frameworks @loader_path/Frameworks";
				PRODUCT_BUNDLE_IDENTIFIER = hartwell.OfflineSpineTestTests;
				PRODUCT_NAME = "$(TARGET_NAME)";
				SWIFT_VERSION = 3.0;
				TEST_HOST = "$(BUILT_PRODUCTS_DIR)/OfflineSpineTest.app/OfflineSpineTest";
			};
			name = Release;
		};
		2C60F8DD1E2D7B26005BACBF /* Debug */ = {
			isa = XCBuildConfiguration;
			buildSettings = {
				ALWAYS_EMBED_SWIFT_STANDARD_LIBRARIES = YES;
				DEVELOPMENT_TEAM = NFYQ3P3JKX;
				INFOPLIST_FILE = OfflineSpineTestUITests/Info.plist;
				LD_RUNPATH_SEARCH_PATHS = "$(inherited) @executable_path/Frameworks @loader_path/Frameworks";
				PRODUCT_BUNDLE_IDENTIFIER = hartwell.OfflineSpineTestUITests;
				PRODUCT_NAME = "$(TARGET_NAME)";
				SWIFT_VERSION = 3.0;
				TEST_TARGET_NAME = OfflineSpineTest;
			};
			name = Debug;
		};
		2C60F8DE1E2D7B26005BACBF /* Release */ = {
			isa = XCBuildConfiguration;
			buildSettings = {
				ALWAYS_EMBED_SWIFT_STANDARD_LIBRARIES = YES;
				DEVELOPMENT_TEAM = NFYQ3P3JKX;
				INFOPLIST_FILE = OfflineSpineTestUITests/Info.plist;
				LD_RUNPATH_SEARCH_PATHS = "$(inherited) @executable_path/Frameworks @loader_path/Frameworks";
				PRODUCT_BUNDLE_IDENTIFIER = hartwell.OfflineSpineTestUITests;
				PRODUCT_NAME = "$(TARGET_NAME)";
				SWIFT_VERSION = 3.0;
				TEST_TARGET_NAME = OfflineSpineTest;
			};
			name = Release;
		};
/* End XCBuildConfiguration section */

/* Begin XCConfigurationList section */
		2C60F8A91E2D7B25005BACBF /* Build configuration list for PBXProject "OfflineSpineTest" */ = {
			isa = XCConfigurationList;
			buildConfigurations = (
				2C60F8D41E2D7B26005BACBF /* Debug */,
				2C60F8D51E2D7B26005BACBF /* Release */,
			);
			defaultConfigurationIsVisible = 0;
			defaultConfigurationName = Release;
		};
		2C60F8D61E2D7B26005BACBF /* Build configuration list for PBXNativeTarget "OfflineSpineTest" */ = {
			isa = XCConfigurationList;
			buildConfigurations = (
				2C60F8D71E2D7B26005BACBF /* Debug */,
				2C60F8D81E2D7B26005BACBF /* Release */,
			);
			defaultConfigurationIsVisible = 0;
		};
		2C60F8D91E2D7B26005BACBF /* Build configuration list for PBXNativeTarget "OfflineSpineTestTests" */ = {
			isa = XCConfigurationList;
			buildConfigurations = (
				2C60F8DA1E2D7B26005BACBF /* Debug */,
				2C60F8DB1E2D7B26005BACBF /* Release */,
			);
			defaultConfigurationIsVisible = 0;
		};
		2C60F8DC1E2D7B26005BACBF /* Build configuration list for PBXNativeTarget "OfflineSpineTestUITests" */ = {
			isa = XCConfigurationList;
			buildConfigurations = (
				2C60F8DD1E2D7B26005BACBF /* Debug */,
				2C60F8DE1E2D7B26005BACBF /* Release */,
			);
			defaultConfigurationIsVisible = 0;
		};
/* End XCConfigurationList section */
	};
	rootObject = 2C60F8A61E2D7B25005BACBF /* Project object */;
}
